
Microsoft Visual Studio Solution File, Format Version 12.00
# Visual Studio Version 16
VisualStudioVersion = 16.0.30804.86
MinimumVisualStudioVersion = 10.0.40219.1
Project("{8BC9CEB8-8B4A-11D0-8D11-00A0C91BC942}") = "CommandHistory", "CommandHistory.vcxproj", "{20AB11CD-C33E-4BC3-98FE-E4231A984376}"
EndProject
Global
	GlobalSection(SolutionConfigurationPlatforms) = preSolution
		Debug|x64 = Debug|x64
		Debug|x86 = Debug|x86
		Release|x64 = Release|x64
		Release|x86 = Release|x86
	EndGlobalSection
	GlobalSection(ProjectConfigurationPlatforms) = postSolution
		{20AB11CD-C33E-4BC3-98FE-E4231A984376}.Debug|x64.ActiveCfg = Debug|x64
		{20AB11CD-C33E-4BC3-98FE-E4231A984376}.Debug|x64.Build.0 = Debug|x64
		{20AB11CD-C33E-4BC3-98FE-E4231A984376}.Debug|x86.ActiveCfg = Debug|Win32
		{20AB11CD-C33E-4BC3-98FE-E4231A984376}.Debug|x86.Build.0 = Debug|Win32
		{20AB11CD-C33E-4BC3-98FE-E4231A984376}.Release|x64.ActiveCfg = Release|x64
		{20AB11CD-C33E-4BC3-98FE-E4231A984376}.Release|x64.Build.0 = Release|x64
		{20AB11CD-C33E-4BC3-98FE-E4231A984376}.Release|x86.ActiveCfg = Release|Win32
		{20AB11CD-C33E-4BC3-98FE-E4231A984376}.Release|x86.Build.0 = Release|Win32
	EndGlobalSection
	GlobalSection(SolutionProperties) = preSolution
		HideSolutionNode = FALSE
	EndGlobalSection
	GlobalSection(ExtensibilityGlobals) = postSolution
		SolutionGuid = {C3CCD0A1-3387-460C-B9FD-0D04C74B603D}
	EndGlobalSection
EndGlobal
